schema: '2.0'
stages:
  data_ingestion:
    cmd: python main.py data_ingestion
    deps:
    - path: notebook/Churn_Modelling.csv
      hash: md5
      md5: 496aee8fbfdfa1dfb6daa9dbca5d1a01
      size: 684858
    - path: project/components/data_ingestion.py
      hash: md5
      md5: bc02ebe962f014ab3570e69f0dba16c5
      size: 3217
    - path: project/pipeline/training_pipeline.py
      hash: md5
      md5: 2972102be5eddb434866bee7210a67d1
      size: 4496
    - path: yaml_file/columns.yaml
      hash: md5
      md5: 63001ba938eea2cca592665b35d98f2a
      size: 701
    outs:
    - path: artifact/data_ingestion
      hash: md5
      md5: ea3e6a5fe4afd68c7ae14e484982b283.dir
      size: 1365089
      nfiles: 3
  data_validation:
    cmd: python main.py data_validation
    deps:
    - path: artifact/data_ingestion
      hash: md5
      md5: ea3e6a5fe4afd68c7ae14e484982b283.dir
      size: 1365089
      nfiles: 3
    - path: project/components/data_validation.py
      hash: md5
      md5: 3b6d3f270caa69ac296da6f2830ccbb2
      size: 6912
    - path: project/pipeline/training_pipeline.py
      hash: md5
      md5: 2972102be5eddb434866bee7210a67d1
      size: 4496
    - path: yaml_file/columns.yaml
      hash: md5
      md5: 63001ba938eea2cca592665b35d98f2a
      size: 701
    outs:
    - path: artifact/data_validation
      hash: md5
      md5: cafb1196400686598ed70514c4a4e32d.dir
      size: 1696
      nfiles: 1
  data_transformation:
    cmd: python main.py data_transformation
    deps:
    - path: artifact/data_validation
      hash: md5
      md5: cafb1196400686598ed70514c4a4e32d.dir
      size: 1696
      nfiles: 1
    - path: project/components/data_transformation.py
      hash: md5
      md5: c0f256c9f0533a81eb979c3f8947c20a
      size: 7849
    - path: project/pipeline/training_pipeline.py
      hash: md5
      md5: 2972102be5eddb434866bee7210a67d1
      size: 4496
    - path: yaml_file/param.yaml
      hash: md5
      md5: a3597c25c5af61b96aa73805ee26f6c6
      size: 1302
    outs:
    - path: artifact/data_transform
      hash: md5
      md5: b6459b6ae4741ecd1e24447c200e6740.dir
      size: 1608375
      nfiles: 3
